<?xml version="1.0" encoding="utf-8"?>
<Project ToolsVersion="4.0" xmlns="http://schemas.microsoft.com/developer/msbuild/2003">
  <ItemGroup>
    <Filter Include="Source Files">
      <UniqueIdentifier>{4FC737F1-C7A5-4376-A066-2A32D752A2FF}</UniqueIdentifier>
      <Extensions>cpp;c;cc;cxx;c++;cppm;ixx;def;odl;idl;hpj;bat;asm;asmx</Extensions>
    </Filter>
    <Filter Include="Header Files">
      <UniqueIdentifier>{93995380-89BD-4b04-88EB-625FBE52EBFB}</UniqueIdentifier>
      <Extensions>h;hh;hpp;hxx;h++;hm;inl;inc;ipp;xsd</Extensions>
    </Filter>
    <Filter Include="Resource Files">
      <UniqueIdentifier>{67DA6AB6-F800-4c08-8B7A-83BB121AAD01}</UniqueIdentifier>
      <Extensions>rc;ico;cur;bmp;dlg;rc2;rct;bin;rgs;gif;jpg;jpeg;jpe;resx;tiff;tif;png;wav;mfcribbon-ms</Extensions>
    </Filter>
  </ItemGroup>
  <ItemGroup>
    <ClCompile Include="Main.cpp">
      <Filter>Source Files</Filter>
    </ClCompile>
    <ClCompile Include="runtime\module\modules\CustomLoadedModule.cpp">
      <Filter>Source Files</Filter>
    </ClCompile>
    <ClCompile Include="framework\memory\VirtualMemory.cpp">
      <Filter>Source Files</Filter>
    </ClCompile>
    <ClCompile Include="runtime\HaltedExecutable.cpp">
      <Filter>Source Files</Filter>
    </ClCompile>
    <ClCompile Include="runtime\hook\ForwardHook.cpp">
      <Filter>Source Files</Filter>
    </ClCompile>
    <ClCompile Include="framework\memory\ScopedMemoryProtection.cpp">
      <Filter>Source Files</Filter>
    </ClCompile>
    <ClCompile Include="framework\pe\ImageImportDescriptors.cpp">
      <Filter>Source Files</Filter>
    </ClCompile>
    <ClCompile Include="framework\pe\PeHeader.cpp">
      <Filter>Source Files</Filter>
    </ClCompile>
    <ClCompile Include="runtime\module\manager\ModuleManager.cpp">
      <Filter>Source Files</Filter>
    </ClCompile>
    <ClCompile Include="runtime\module\Module.cpp">
      <Filter>Source Files</Filter>
    </ClCompile>
    <ClCompile Include="runtime\module\modules\NativeModule.cpp">
      <Filter>Source Files</Filter>
    </ClCompile>
    <ClCompile Include="Log.cpp">
      <Filter>Source Files</Filter>
    </ClCompile>
    <ClCompile Include="runtime\module\loader\ModuleLoader.cpp">
      <Filter>Source Files</Filter>
    </ClCompile>
    <ClCompile Include="framework\io\File.cpp">
      <Filter>Source Files</Filter>
    </ClCompile>
    <ClCompile Include="runtime\module\loader\FileModuleAllocator.cpp">
      <Filter>Source Files</Filter>
    </ClCompile>
    <ClCompile Include="runtime\module\loader\ModuleInitialization.cpp">
      <Filter>Source Files</Filter>
    </ClCompile>
    <ClCompile Include="framework\pe\ImageReLocations.cpp">
      <Filter>Source Files</Filter>
    </ClCompile>
    <ClCompile Include="runtime\module\loader\steps\ModuleRelocations.cpp">
      <Filter>Source Files</Filter>
    </ClCompile>
    <ClCompile Include="runtime\module\loader\steps\ModuleImports.cpp">
      <Filter>Source Files</Filter>
    </ClCompile>
    <ClCompile Include="runtime\module\loader\steps\ModuleSections.cpp">
      <Filter>Source Files</Filter>
    </ClCompile>
  </ItemGroup>
  <ItemGroup>
    <ClInclude Include="runtime\HaltedExecutable.h">
      <Filter>Header Files</Filter>
    </ClInclude>
    <ClInclude Include="runtime\module\modules\CustomLoadedModule.h">
      <Filter>Header Files</Filter>
    </ClInclude>
    <ClInclude Include="framework\memory\VirtualMemory.h">
      <Filter>Header Files</Filter>
    </ClInclude>
    <ClInclude Include="framework\Exception.h">
      <Filter>Header Files</Filter>
    </ClInclude>
    <ClInclude Include="runtime\hook\ForwardHook.h">
      <Filter>Header Files</Filter>
    </ClInclude>
    <ClInclude Include="framework\memory\ScopedMemoryProtection.h">
      <Filter>Header Files</Filter>
    </ClInclude>
    <ClInclude Include="runtime\hook\IATHook.h">
      <Filter>Header Files</Filter>
    </ClInclude>
    <ClInclude Include="framework\pe\ImportedFunction.h">
      <Filter>Header Files</Filter>
    </ClInclude>
    <ClInclude Include="framework\pe\ImageImportDescriptors.h">
      <Filter>Header Files</Filter>
    </ClInclude>
    <ClInclude Include="framework\pe\PeHeader.h">
      <Filter>Header Files</Filter>
    </ClInclude>
    <ClInclude Include="runtime\module\manager\ModuleManager.h">
      <Filter>Header Files</Filter>
    </ClInclude>
    <ClInclude Include="runtime\module\IModule.h">
      <Filter>Header Files</Filter>
    </ClInclude>
    <ClInclude Include="runtime\module\Module.h">
      <Filter>Header Files</Filter>
    </ClInclude>
    <ClInclude Include="runtime\module\modules\NativeModule.h">
      <Filter>Header Files</Filter>
    </ClInclude>
    <ClInclude Include="Log.h">
      <Filter>Header Files</Filter>
    </ClInclude>
    <ClInclude Include="runtime\module\loader\ModuleLoader.h">
      <Filter>Header Files</Filter>
    </ClInclude>
    <ClInclude Include="framework\io\File.h">
      <Filter>Header Files</Filter>
    </ClInclude>
    <ClInclude Include="runtime\module\loader\FileModuleAllocator.h">
      <Filter>Header Files</Filter>
    </ClInclude>
    <ClInclude Include="runtime\module\loader\ModuleInitialization.h">
      <Filter>Header Files</Filter>
    </ClInclude>
    <ClInclude Include="framework\pe\ImageReLocations.h">
      <Filter>Header Files</Filter>
    </ClInclude>
    <ClInclude Include="framework\Overloaded.h">
      <Filter>Header Files</Filter>
    </ClInclude>
    <ClInclude Include="runtime\module\loader\steps\ModuleRelocations.h">
      <Filter>Header Files</Filter>
    </ClInclude>
    <ClInclude Include="runtime\module\loader\steps\ModuleImports.h">
      <Filter>Header Files</Filter>
    </ClInclude>
    <ClInclude Include="runtime\module\loader\steps\ModuleSections.h">
      <Filter>Header Files</Filter>
    </ClInclude>
    <ClInclude Include="runtime\hook\FixedAddress.h">
      <Filter>Header Files</Filter>
    </ClInclude>
  </ItemGroup>
</Project>